# This file is automatically generated by Poetry 1.8.0 and should be committed.
[[package]]
name = "pydantic"
version = "2.6.4"
description = "Data validation using Python type hints"
optional = false
python-versions = ">=3.8"
files = [
    {file = "pydantic-2.6.4-py3-none-any.whl", hash = "sha256:7f058092a498dc71c0800b467e2a969bc746cba6d7870104f216260ab5ebbc24"}
]

[[package]]
name = "pytest"
version = "8.1.1"
description = "pytest: simple powerful testing with Python"
optional = false
python-versions = ">=3.8"
files = [
    {file = "pytest-8.1.1-py3-none-any.whl", hash = "sha256:6e18f28020dca587efc70b28494950ab9c905b4b1a4570183b0f59ee8397a66b"}
]

[metadata]
lock-version = "2.0"
python-versions = "^3.10"
content-hash = "c18a287239ef74e50882e30773d6bb6c4dbbf44f6cf70e4e69b59e33440e0600"
